// !$*UTF8*$!
{
	archiveVersion = 1;
	classes = {
	};
	objectVersion = 50;
	objects = {

/* Begin PBXBuildFile section */
		580746FB2650EE7C00843551 /* AppDelegate.swift in Sources */ = {isa = PBXBuildFile; fileRef = 580746FA2650EE7C00843551 /* AppDelegate.swift */; };
		580746FD2650EE7C00843551 /* SceneDelegate.swift in Sources */ = {isa = PBXBuildFile; fileRef = 580746FC2650EE7C00843551 /* SceneDelegate.swift */; };
		580746FF2650EE7C00843551 /* ViewController.swift in Sources */ = {isa = PBXBuildFile; fileRef = 580746FE2650EE7C00843551 /* ViewController.swift */; };
		580747022650EE7C00843551 /* Main.storyboard in Resources */ = {isa = PBXBuildFile; fileRef = 580747002650EE7C00843551 /* Main.storyboard */; };
		580747042650EE7E00843551 /* Assets.xcassets in Resources */ = {isa = PBXBuildFile; fileRef = 580747032650EE7E00843551 /* Assets.xcassets */; };
		580747072650EE7E00843551 /* LaunchScreen.storyboard in Resources */ = {isa = PBXBuildFile; fileRef = 580747052650EE7E00843551 /* LaunchScreen.storyboard */; };
		580747122650EE7E00843551 /* FrontTests.swift in Sources */ = {isa = PBXBuildFile; fileRef = 580747112650EE7E00843551 /* FrontTests.swift */; };
		5807471D2650EE7E00843551 /* FrontUITests.swift in Sources */ = {isa = PBXBuildFile; fileRef = 5807471C2650EE7E00843551 /* FrontUITests.swift */; };
/* End PBXBuildFile section */

/* Begin PBXContainerItemProxy section */
		5807470E2650EE7E00843551 /* PBXContainerItemProxy */ = {
			isa = PBXContainerItemProxy;
			containerPortal = 580746EF2650EE7C00843551 /* Project object */;
			proxyType = 1;
			remoteGlobalIDString = 580746F62650EE7C00843551;
			remoteInfo = Front;
		};
		580747192650EE7E00843551 /* PBXContainerItemProxy */ = {
			isa = PBXContainerItemProxy;
			containerPortal = 580746EF2650EE7C00843551 /* Project object */;
			proxyType = 1;
			remoteGlobalIDString = 580746F62650EE7C00843551;
			remoteInfo = Front;
		};
/* End PBXContainerItemProxy section */

/* Begin PBXFileReference section */
		580746F72650EE7C00843551 /* Front.app */ = {isa = PBXFileReference; explicitFileType = wrapper.application; includeInIndex = 0; path = Front.app; sourceTree = BUILT_PRODUCTS_DIR; };
		580746FA2650EE7C00843551 /* AppDelegate.swift */ = {isa = PBXFileReference; lastKnownFileType = sourcecode.swift; path = AppDelegate.swift; sourceTree = "<group>"; };
		580746FC2650EE7C00843551 /* SceneDelegate.swift */ = {isa = PBXFileReference; lastKnownFileType = sourcecode.swift; path = SceneDelegate.swift; sourceTree = "<group>"; };
		580746FE2650EE7C00843551 /* ViewController.swift */ = {isa = PBXFileReference; lastKnownFileType = sourcecode.swift; path = ViewController.swift; sourceTree = "<group>"; };
		580747012650EE7C00843551 /* Base */ = {isa = PBXFileReference; lastKnownFileType = file.storyboard; name = Base; path = Base.lproj/Main.storyboard; sourceTree = "<group>"; };
		580747032650EE7E00843551 /* Assets.xcassets */ = {isa = PBXFileReference; lastKnownFileType = folder.assetcatalog; path = Assets.xcassets; sourceTree = "<group>"; };
		580747062650EE7E00843551 /* Base */ = {isa = PBXFileReference; lastKnownFileType = file.storyboard; name = Base; path = Base.lproj/LaunchScreen.storyboard; sourceTree = "<group>"; };
		580747082650EE7E00843551 /* Info.plist */ = {isa = PBXFileReference; lastKnownFileType = text.plist.xml; path = Info.plist; sourceTree = "<group>"; };
		5807470D2650EE7E00843551 /* FrontTests.xctest */ = {isa = PBXFileReference; explicitFileType = wrapper.cfbundle; includeInIndex = 0; path = FrontTests.xctest; sourceTree = BUILT_PRODUCTS_DIR; };
		580747112650EE7E00843551 /* FrontTests.swift */ = {isa = PBXFileReference; lastKnownFileType = sourcecode.swift; path = FrontTests.swift; sourceTree = "<group>"; };
		580747132650EE7E00843551 /* Info.plist */ = {isa = PBXFileReference; lastKnownFileType = text.plist.xml; path = Info.plist; sourceTree = "<group>"; };
		580747182650EE7E00843551 /* FrontUITests.xctest */ = {isa = PBXFileReference; explicitFileType = wrapper.cfbundle; includeInIndex = 0; path = FrontUITests.xctest; sourceTree = BUILT_PRODUCTS_DIR; };
		5807471C2650EE7E00843551 /* FrontUITests.swift */ = {isa = PBXFileReference; lastKnownFileType = sourcecode.swift; path = FrontUITests.swift; sourceTree = "<group>"; };
		5807471E2650EE7E00843551 /* Info.plist */ = {isa = PBXFileReference; lastKnownFileType = text.plist.xml; path = Info.plist; sourceTree = "<group>"; };
/* End PBXFileReference section */

/* Begin PBXFrameworksBuildPhase section */
		580746F42650EE7C00843551 /* Frameworks */ = {
			isa = PBXFrameworksBuildPhase;
			buildActionMask = 2147483647;
			files = (
			);
			runOnlyForDeploymentPostprocessing = 0;
		};
		5807470A2650EE7E00843551 /* Frameworks */ = {
			isa = PBXFrameworksBuildPhase;
			buildActionMask = 2147483647;
			files = (
			);
			runOnlyForDeploymentPostprocessing = 0;
		};
		580747152650EE7E00843551 /* Frameworks */ = {
			isa = PBXFrameworksBuildPhase;
			buildActionMask = 2147483647;
			files = (
			);
			runOnlyForDeploymentPostprocessing = 0;
		};
/* End PBXFrameworksBuildPhase section */

/* Begin PBXGroup section */
		580746EE2650EE7C00843551 = {
			isa = PBXGroup;
			children = (
				580746F92650EE7C00843551 /* Front */,
				580747102650EE7E00843551 /* FrontTests */,
				5807471B2650EE7E00843551 /* FrontUITests */,
				580746F82650EE7C00843551 /* Products */,
			);
			sourceTree = "<group>";
		};
		580746F82650EE7C00843551 /* Products */ = {
			isa = PBXGroup;
			children = (
				580746F72650EE7C00843551 /* Front.app */,
				5807470D2650EE7E00843551 /* FrontTests.xctest */,
				580747182650EE7E00843551 /* FrontUITests.xctest */,
			);
			name = Products;
			sourceTree = "<group>";
		};
		580746F92650EE7C00843551 /* Front */ = {
			isa = PBXGroup;
			children = (
				580746FA2650EE7C00843551 /* AppDelegate.swift */,
				580746FC2650EE7C00843551 /* SceneDelegate.swift */,
				580746FE2650EE7C00843551 /* ViewController.swift */,
				580747002650EE7C00843551 /* Main.storyboard */,
				580747032650EE7E00843551 /* Assets.xcassets */,
				580747052650EE7E00843551 /* LaunchScreen.storyboard */,
				580747082650EE7E00843551 /* Info.plist */,
			);
			path = Front;
			sourceTree = "<group>";
		};
		580747102650EE7E00843551 /* FrontTests */ = {
			isa = PBXGroup;
			children = (
				580747112650EE7E00843551 /* FrontTests.swift */,
				580747132650EE7E00843551 /* Info.plist */,
			);
			path = FrontTests;
			sourceTree = "<group>";
		};
		5807471B2650EE7E00843551 /* FrontUITests */ = {
			isa = PBXGroup;
			children = (
				5807471C2650EE7E00843551 /* FrontUITests.swift */,
				5807471E2650EE7E00843551 /* Info.plist */,
			);
			path = FrontUITests;
			sourceTree = "<group>";
		};
/* End PBXGroup section */

/* Begin PBXNativeTarget section */
		580746F62650EE7C00843551 /* Front */ = {
			isa = PBXNativeTarget;
			buildConfigurationList = 580747212650EE7E00843551 /* Build configuration list for PBXNativeTarget "Front" */;
			buildPhases = (
				580746F32650EE7C00843551 /* Sources */,
				580746F42650EE7C00843551 /* Frameworks */,
				580746F52650EE7C00843551 /* Resources */,
			);
			buildRules = (
			);
			dependencies = (
			);
			name = Front;
			productName = Front;
			productReference = 580746F72650EE7C00843551 /* Front.app */;
			productType = "com.apple.product-type.application";
		};
		5807470C2650EE7E00843551 /* FrontTests */ = {
			isa = PBXNativeTarget;
			buildConfigurationList = 580747242650EE7E00843551 /* Build configuration list for PBXNativeTarget "FrontTests" */;
			buildPhases = (
				580747092650EE7E00843551 /* Sources */,
				5807470A2650EE7E00843551 /* Frameworks */,
				5807470B2650EE7E00843551 /* Resources */,
			);
			buildRules = (
			);
			dependencies = (
				5807470F2650EE7E00843551 /* PBXTargetDependency */,
			);
			name = FrontTests;
			productName = FrontTests;
			productReference = 5807470D2650EE7E00843551 /* FrontTests.xctest */;
			productType = "com.apple.product-type.bundle.unit-test";
		};
		580747172650EE7E00843551 /* FrontUITests */ = {
			isa = PBXNativeTarget;
			buildConfigurationList = 580747272650EE7E00843551 /* Build configuration list for PBXNativeTarget "FrontUITests" */;
			buildPhases = (
				580747142650EE7E00843551 /* Sources */,
				580747152650EE7E00843551 /* Frameworks */,
				580747162650EE7E00843551 /* Resources */,
			);
			buildRules = (
			);
			dependencies = (
				5807471A2650EE7E00843551 /* PBXTargetDependency */,
			);
			name = FrontUITests;
			productName = FrontUITests;
			productReference = 580747182650EE7E00843551 /* FrontUITests.xctest */;
			productType = "com.apple.product-type.bundle.ui-testing";
		};
/* End PBXNativeTarget section */

/* Begin PBXProject section */
		580746EF2650EE7C00843551 /* Project object */ = {
			isa = PBXProject;
			attributes = {
				LastSwiftUpdateCheck = 1250;
				LastUpgradeCheck = 1250;
				TargetAttributes = {
					580746F62650EE7C00843551 = {
						CreatedOnToolsVersion = 12.5;
					};
					5807470C2650EE7E00843551 = {
						CreatedOnToolsVersion = 12.5;
						TestTargetID = 580746F62650EE7C00843551;
					};
					580747172650EE7E00843551 = {
						CreatedOnToolsVersion = 12.5;
						TestTargetID = 580746F62650EE7C00843551;
					};
				};
			};
			buildConfigurationList = 580746F22650EE7C00843551 /* Build configuration list for PBXProject "Front" */;
			compatibilityVersion = "Xcode 9.3";
			developmentRegion = en;
			hasScannedForEncodings = 0;
			knownRegions = (
				en,
				Base,
			);
			mainGroup = 580746EE2650EE7C00843551;
			productRefGroup = 580746F82650EE7C00843551 /* Products */;
			projectDirPath = "";
			projectRoot = "";
			targets = (
				580746F62650EE7C00843551 /* Front */,
				5807470C2650EE7E00843551 /* FrontTests */,
				580747172650EE7E00843551 /* FrontUITests */,
			);
		};
/* End PBXProject section */

/* Begin PBXResourcesBuildPhase section */
		580746F52650EE7C00843551 /* Resources */ = {
			isa = PBXResourcesBuildPhase;
			buildActionMask = 2147483647;
			files = (
				580747072650EE7E00843551 /* LaunchScreen.storyboard in Resources */,
				580747042650EE7E00843551 /* Assets.xcassets in Resources */,
				580747022650EE7C00843551 /* Main.storyboard in Resources */,
			);
			runOnlyForDeploymentPostprocessing = 0;
		};
		5807470B2650EE7E00843551 /* Resources */ = {
			isa = PBXResourcesBuildPhase;
			buildActionMask = 2147483647;
			files = (
			);
			runOnlyForDeploymentPostprocessing = 0;
		};
		580747162650EE7E00843551 /* Resources */ = {
			isa = PBXResourcesBuildPhase;
			buildActionMask = 2147483647;
			files = (
			);
			runOnlyForDeploymentPostprocessing = 0;
		};
/* End PBXResourcesBuildPhase section */

/* Begin PBXSourcesBuildPhase section */
		580746F32650EE7C00843551 /* Sources */ = {
			isa = PBXSourcesBuildPhase;
			buildActionMask = 2147483647;
			files = (
				580746FF2650EE7C00843551 /* ViewController.swift in Sources */,
				580746FB2650EE7C00843551 /* AppDelegate.swift in Sources */,
				580746FD2650EE7C00843551 /* SceneDelegate.swift in Sources */,
			);
			runOnlyForDeploymentPostprocessing = 0;
		};
		580747092650EE7E00843551 /* Sources */ = {
			isa = PBXSourcesBuildPhase;
			buildActionMask = 2147483647;
			files = (
				580747122650EE7E00843551 /* FrontTests.swift in Sources */,
			);
			runOnlyForDeploymentPostprocessing = 0;
		};
		580747142650EE7E00843551 /* Sources */ = {
			isa = PBXSourcesBuildPhase;
			buildActionMask = 2147483647;
			files = (
				5807471D2650EE7E00843551 /* FrontUITests.swift in Sources */,
			);
			runOnlyForDeploymentPostprocessing = 0;
		};
/* End PBXSourcesBuildPhase section */

/* Begin PBXTargetDependency section */
		5807470F2650EE7E00843551 /* PBXTargetDependency */ = {
			isa = PBXTargetDependency;
			target = 580746F62650EE7C00843551 /* Front */;
			targetProxy = 5807470E2650EE7E00843551 /* PBXContainerItemProxy */;
		};
		5807471A2650EE7E00843551 /* PBXTargetDependency */ = {
			isa = PBXTargetDependency;
			target = 580746F62650EE7C00843551 /* Front */;
			targetProxy = 580747192650EE7E00843551 /* PBXContainerItemProxy */;
		};
/* End PBXTargetDependency section */

/* Begin PBXVariantGroup section */
		580747002650EE7C00843551 /* Main.storyboard */ = {
			isa = PBXVariantGroup;
			children = (
				580747012650EE7C00843551 /* Base */,
			);
			name = Main.storyboard;
			sourceTree = "<group>";
		};
		580747052650EE7E00843551 /* LaunchScreen.storyboard */ = {
			isa = PBXVariantGroup;
			children = (
				580747062650EE7E00843551 /* Base */,
			);
			name = LaunchScreen.storyboard;
			sourceTree = "<group>";
		};
/* End PBXVariantGroup section */

/* Begin XCBuildConfiguration section */
		5807471F2650EE7E00843551 /* Debug */ = {
			isa = XCBuildConfiguration;
			buildSettings = {
				ALWAYS_SEARCH_USER_PATHS = NO;
				CLANG_ANALYZER_NONNULL = YES;
				CLANG_ANALYZER_NUMBER_OBJECT_CONVERSION = YES_AGGRESSIVE;
				CLANG_CXX_LANGUAGE_STANDARD = "gnu++14";
				CLANG_CXX_LIBRARY = "libc++";
				CLANG_ENABLE_MODULES = YES;
				CLANG_ENABLE_OBJC_ARC = YES;
				CLANG_ENABLE_OBJC_WEAK = YES;
				CLANG_WARN_BLOCK_CAPTURE_AUTORELEASING = YES;
				CLANG_WARN_BOOL_CONVERSION = YES;
				CLANG_WARN_COMMA = YES;
				CLANG_WARN_CONSTANT_CONVERSION = YES;
				CLANG_WARN_DEPRECATED_OBJC_IMPLEMENTATIONS = YES;
				CLANG_WARN_DIRECT_OBJC_ISA_USAGE = YES_ERROR;
				CLANG_WARN_DOCUMENTATION_COMMENTS = YES;
				CLANG_WARN_EMPTY_BODY = YES;
				CLANG_WARN_ENUM_CONVERSION = YES;
				CLANG_WARN_INFINITE_RECURSION = YES;
				CLANG_WARN_INT_CONVERSION = YES;
				CLANG_WARN_NON_LITERAL_NULL_CONVERSION = YES;
				CLANG_WARN_OBJC_IMPLICIT_RETAIN_SELF = YES;
				CLANG_WARN_OBJC_LITERAL_CONVERSION = YES;
				CLANG_WARN_OBJC_ROOT_CLASS = YES_ERROR;
				CLANG_WARN_QUOTED_INCLUDE_IN_FRAMEWORK_HEADER = YES;
				CLANG_WARN_RANGE_LOOP_ANALYSIS = YES;
				CLANG_WARN_STRICT_PROTOTYPES = YES;
				CLANG_WARN_SUSPICIOUS_MOVE = YES;
				CLANG_WARN_UNGUARDED_AVAILABILITY = YES_AGGRESSIVE;
				CLANG_WARN_UNREACHABLE_CODE = YES;
				CLANG_WARN__DUPLICATE_METHOD_MATCH = YES;
				COPY_PHASE_STRIP = NO;
				DEBUG_INFORMATION_FORMAT = dwarf;
				ENABLE_STRICT_OBJC_MSGSEND = YES;
				ENABLE_TESTABILITY = YES;
				GCC_C_LANGUAGE_STANDARD = gnu11;
				GCC_DYNAMIC_NO_PIC = NO;
				GCC_NO_COMMON_BLOCKS = YES;
				GCC_OPTIMIZATION_LEVEL = 0;
				GCC_PREPROCESSOR_DEFINITIONS = (
					"DEBUG=1",
					"$(inherited)",
				);
				GCC_WARN_64_TO_32_BIT_CONVERSION = YES;
				GCC_WARN_ABOUT_RETURN_TYPE = YES_ERROR;
				GCC_WARN_UNDECLARED_SELECTOR = YES;
				GCC_WARN_UNINITIALIZED_AUTOS = YES_AGGRESSIVE;
				GCC_WARN_UNUSED_FUNCTION = YES;
				GCC_WARN_UNUSED_VARIABLE = YES;
				IPHONEOS_DEPLOYMENT_TARGET = 14.5;
				MTL_ENABLE_DEBUG_INFO = INCLUDE_SOURCE;
				MTL_FAST_MATH = YES;
				ONLY_ACTIVE_ARCH = YES;
				SDKROOT = iphoneos;
				SWIFT_ACTIVE_COMPILATION_CONDITIONS = DEBUG;
				SWIFT_OPTIMIZATION_LEVEL = "-Onone";
			};
			name = Debug;
		};
		580747202650EE7E00843551 /* Release */ = {
			isa = XCBuildConfiguration;
			buildSettings = {
				ALWAYS_SEARCH_USER_PATHS = NO;
				CLANG_ANALYZER_NONNULL = YES;
				CLANG_ANALYZER_NUMBER_OBJECT_CONVERSION = YES_AGGRESSIVE;
				CLANG_CXX_LANGUAGE_STANDARD = "gnu++14";
				CLANG_CXX_LIBRARY = "libc++";
				CLANG_ENABLE_MODULES = YES;
				CLANG_ENABLE_OBJC_ARC = YES;
				CLANG_ENABLE_OBJC_WEAK = YES;
				CLANG_WARN_BLOCK_CAPTURE_AUTORELEASING = YES;
				CLANG_WARN_BOOL_CONVERSION = YES;
				CLANG_WARN_COMMA = YES;
				CLANG_WARN_CONSTANT_CONVERSION = YES;
				CLANG_WARN_DEPRECATED_OBJC_IMPLEMENTATIONS = YES;
				CLANG_WARN_DIRECT_OBJC_ISA_USAGE = YES_ERROR;
				CLANG_WARN_DOCUMENTATION_COMMENTS = YES;
				CLANG_WARN_EMPTY_BODY = YES;
				CLANG_WARN_ENUM_CONVERSION = YES;
				CLANG_WARN_INFINITE_RECURSION = YES;
				CLANG_WARN_INT_CONVERSION = YES;
				CLANG_WARN_NON_LITERAL_NULL_CONVERSION = YES;
				CLANG_WARN_OBJC_IMPLICIT_RETAIN_SELF = YES;
				CLANG_WARN_OBJC_LITERAL_CONVERSION = YES;
				CLANG_WARN_OBJC_ROOT_CLASS = YES_ERROR;
				CLANG_WARN_QUOTED_INCLUDE_IN_FRAMEWORK_HEADER = YES;
				CLANG_WARN_RANGE_LOOP_ANALYSIS = YES;
				CLANG_WARN_STRICT_PROTOTYPES = YES;
				CLANG_WARN_SUSPICIOUS_MOVE = YES;
				CLANG_WARN_UNGUARDED_AVAILABILITY = YES_AGGRESSIVE;
				CLANG_WARN_UNREACHABLE_CODE = YES;
				CLANG_WARN__DUPLICATE_METHOD_MATCH = YES;
				COPY_PHASE_STRIP = NO;
				DEBUG_INFORMATION_FORMAT = "dwarf-with-dsym";
				ENABLE_NS_ASSERTIONS = NO;
				ENABLE_STRICT_OBJC_MSGSEND = YES;
				GCC_C_LANGUAGE_STANDARD = gnu11;
				GCC_NO_COMMON_BLOCKS = YES;
				GCC_WARN_64_TO_32_BIT_CONVERSION = YES;
				GCC_WARN_ABOUT_RETURN_TYPE = YES_ERROR;
				GCC_WARN_UNDECLARED_SELECTOR = YES;
				GCC_WARN_UNINITIALIZED_AUTOS = YES_AGGRESSIVE;
				GCC_WARN_UNUSED_FUNCTION = YES;
				GCC_WARN_UNUSED_VARIABLE = YES;
				IPHONEOS_DEPLOYMENT_TARGET = 14.5;
				MTL_ENABLE_DEBUG_INFO = NO;
				MTL_FAST_MATH = YES;
				SDKROOT = iphoneos;
				SWIFT_COMPILATION_MODE = wholemodule;
				SWIFT_OPTIMIZATION_LEVEL = "-O";
				VALIDATE_PRODUCT = YES;
			};
			name = Release;
		};
		580747222650EE7E00843551 /* Debug */ = {
			isa = XCBuildConfiguration;
			buildSettings = {
				ASSETCATALOG_COMPILER_APPICON_NAME = AppIcon;
				ASSETCATALOG_COMPILER_GLOBAL_ACCENT_COLOR_NAME = AccentColor;
				CODE_SIGN_STYLE = Automatic;
				INFOPLIST_FILE = Front/Info.plist;
				LD_RUNPATH_SEARCH_PATHS = (
					"$(inherited)",
					"@executable_path/Frameworks",
				);
				PRODUCT_BUNDLE_IDENTIFIER = mx.com.gruposalinas.Front;
				PRODUCT_NAME = "$(TARGET_NAME)";
				SWIFT_VERSION = 5.0;
				TARGETED_DEVICE_FAMILY = "1,2";
			};
			name = Debug;
		};
		580747232650EE7E00843551 /* Release */ = {
			isa = XCBuildConfiguration;
			buildSettings = {
				ASSETCATALOG_COMPILER_APPICON_NAME = AppIcon;
				ASSETCATALOG_COMPILER_GLOBAL_ACCENT_COLOR_NAME = AccentColor;
				CODE_SIGN_STYLE = Automatic;
				INFOPLIST_FILE = Front/Info.plist;
				LD_RUNPATH_SEARCH_PATHS = (
					"$(inherited)",
					"@executable_path/Frameworks",
				);
				PRODUCT_BUNDLE_IDENTIFIER = mx.com.gruposalinas.Front;
				PRODUCT_NAME = "$(TARGET_NAME)";
				SWIFT_VERSION = 5.0;
				TARGETED_DEVICE_FAMILY = "1,2";
			};
			name = Release;
		};
		580747252650EE7E00843551 /* Debug */ = {
			isa = XCBuildConfiguration;
			buildSettings = {
				ALWAYS_EMBED_SWIFT_STANDARD_LIBRARIES = YES;
				BUNDLE_LOADER = "$(TEST_HOST)";
				CODE_SIGN_STYLE = Automatic;
				INFOPLIST_FILE = FrontTests/Info.plist;
				IPHONEOS_DEPLOYMENT_TARGET = 14.5;
				LD_RUNPATH_SEARCH_PATHS = (
					"$(inherited)",
					"@executable_path/Frameworks",
					"@loader_path/Frameworks",
				);
				PRODUCT_BUNDLE_IDENTIFIER = mx.com.gruposalinas.FrontTests;
				PRODUCT_NAME = "$(TARGET_NAME)";
				SWIFT_VERSION = 5.0;
				TARGETED_DEVICE_FAMILY = "1,2";
				TEST_HOST = "$(BUILT_PRODUCTS_DIR)/Front.app/Front";
			};
			name = Debug;
		};
		580747262650EE7E00843551 /* Release */ = {
			isa = XCBuildConfiguration;
			buildSettings = {
				ALWAYS_EMBED_SWIFT_STANDARD_LIBRARIES = YES;
				BUNDLE_LOADER = "$(TEST_HOST)";
				CODE_SIGN_STYLE = Automatic;
				INFOPLIST_FILE = FrontTests/Info.plist;
				IPHONEOS_DEPLOYMENT_TARGET = 14.5;
				LD_RUNPATH_SEARCH_PATHS = (
					"$(inherited)",
					"@executable_path/Frameworks",
					"@loader_path/Frameworks",
				);
				PRODUCT_BUNDLE_IDENTIFIER = mx.com.gruposalinas.FrontTests;
				PRODUCT_NAME = "$(TARGET_NAME)";
				SWIFT_VERSION = 5.0;
				TARGETED_DEVICE_FAMILY = "1,2";
				TEST_HOST = "$(BUILT_PRODUCTS_DIR)/Front.app/Front";
			};
			name = Release;
		};
		580747282650EE7E00843551 /* Debug */ = {
			isa = XCBuildConfiguration;
			buildSettings = {
				ALWAYS_EMBED_SWIFT_STANDARD_LIBRARIES = YES;
				CODE_SIGN_STYLE = Automatic;
				INFOPLIST_FILE = FrontUITests/Info.plist;
				LD_RUNPATH_SEARCH_PATHS = (
					"$(inherited)",
					"@executable_path/Frameworks",
					"@loader_path/Frameworks",
				);
				PRODUCT_BUNDLE_IDENTIFIER = mx.com.gruposalinas.FrontUITests;
				PRODUCT_NAME = "$(TARGET_NAME)";
				SWIFT_VERSION = 5.0;
				TARGETED_DEVICE_FAMILY = "1,2";
				TEST_TARGET_NAME = Front;
			};
			name = Debug;
		};
		580747292650EE7E00843551 /* Release */ = {
			isa = XCBuildConfiguration;
			buildSettings = {
				ALWAYS_EMBED_SWIFT_STANDARD_LIBRARIES = YES;
				CODE_SIGN_STYLE = Automatic;
				INFOPLIST_FILE = FrontUITests/Info.plist;
				LD_RUNPATH_SEARCH_PATHS = (
					"$(inherited)",
					"@executable_path/Frameworks",
					"@loader_path/Frameworks",
				);
				PRODUCT_BUNDLE_IDENTIFIER = mx.com.gruposalinas.FrontUITests;
				PRODUCT_NAME = "$(TARGET_NAME)";
				SWIFT_VERSION = 5.0;
				TARGETED_DEVICE_FAMILY = "1,2";
				TEST_TARGET_NAME = Front;
			};
			name = Release;
		};
/* End XCBuildConfiguration section */

/* Begin XCConfigurationList section */
		580746F22650EE7C00843551 /* Build configuration list for PBXProject "Front" */ = {
			isa = XCConfigurationList;
			buildConfigurations = (
				5807471F2650EE7E00843551 /* Debug */,
				580747202650EE7E00843551 /* Release */,
			);
			defaultConfigurationIsVisible = 0;
			defaultConfigurationName = Release;
		};
		580747212650EE7E00843551 /* Build configuration list for PBXNativeTarget "Front" */ = {
			isa = XCConfigurationList;
			buildConfigurations = (
				580747222650EE7E00843551 /* Debug */,
				580747232650EE7E00843551 /* Release */,
			);
			defaultConfigurationIsVisible = 0;
			defaultConfigurationName = Release;
		};
		580747242650EE7E00843551 /* Build configuration list for PBXNativeTarget "FrontTests" */ = {
			isa = XCConfigurationList;
			buildConfigurations = (
				580747252650EE7E00843551 /* Debug */,
				580747262650EE7E00843551 /* Release */,
			);
			defaultConfigurationIsVisible = 0;
			defaultConfigurationName = Release;
		};
		580747272650EE7E00843551 /* Build configuration list for PBXNativeTarget "FrontUITests" */ = {
			isa = XCConfigurationList;
			buildConfigurations = (
				580747282650EE7E00843551 /* Debug */,
				580747292650EE7E00843551 /* Release */,
			);
			defaultConfigurationIsVisible = 0;
			defaultConfigurationName = Release;
		};
/* End XCConfigurationList section */
	};
	rootObject = 580746EF2650EE7C00843551 /* Project object */;
}
